github.com/willfaught/paige v0.111.0 h1:eCB+s5o5iMYa3ubcq1uHvbP1F7rU2H68uizPLe8M1oo=
github.com/willfaught/paige v0.111.0/go.mod h1:0Nt8ifl7UVYQIBaMtpZmg+BrQHHzFNqKcrBoA2Oo4/E=
github.com/willfaught/paige v0.111.1 h1:kxf9MBpVOSdZQcsqKseCr0FAYeCiD0TYFxuoR6SiuWM=
github.com/willfaught/paige v0.111.1/go.mod h1:0Nt8ifl7UVYQIBaMtpZmg+BrQHHzFNqKcrBoA2Oo4/E=
